// !$*UTF8*$!
{
	archiveVersion = 1;
	classes = {
	};
	objectVersion = 46;
	objects = {

/* Begin PBXBuildFile section */
		2700B07B1F67BBA8006AD509 /* Subject.swift in Sources */ = {isa = PBXBuildFile; fileRef = 2700B07A1F67BBA8006AD509 /* Subject.swift */; };
		2700B07D1F67CEB9006AD509 /* Student.swift in Sources */ = {isa = PBXBuildFile; fileRef = 2700B07C1F67CEB9006AD509 /* Student.swift */; };
		2700B07F1F67D10C006AD509 /* SubjectCalculation.swift in Sources */ = {isa = PBXBuildFile; fileRef = 2700B07E1F67D10C006AD509 /* SubjectCalculation.swift */; };
		2716BF721F6687C600B859EC /* AppDelegate.swift in Sources */ = {isa = PBXBuildFile; fileRef = 2716BF711F6687C600B859EC /* AppDelegate.swift */; };
		2716BF741F6687C700B859EC /* ViewController.swift in Sources */ = {isa = PBXBuildFile; fileRef = 2716BF731F6687C700B859EC /* ViewController.swift */; };
		2716BF771F6687C700B859EC /* Main.storyboard in Resources */ = {isa = PBXBuildFile; fileRef = 2716BF751F6687C700B859EC /* Main.storyboard */; };
		2716BF791F6687C700B859EC /* Assets.xcassets in Resources */ = {isa = PBXBuildFile; fileRef = 2716BF781F6687C700B859EC /* Assets.xcassets */; };
		2716BF7C1F6687C700B859EC /* LaunchScreen.storyboard in Resources */ = {isa = PBXBuildFile; fileRef = 2716BF7A1F6687C700B859EC /* LaunchScreen.storyboard */; };
/* End PBXBuildFile section */

/* Begin PBXFileReference section */
		2700B07A1F67BBA8006AD509 /* Subject.swift */ = {isa = PBXFileReference; fileEncoding = 4; lastKnownFileType = sourcecode.swift; path = Subject.swift; sourceTree = "<group>"; };
		2700B07C1F67CEB9006AD509 /* Student.swift */ = {isa = PBXFileReference; fileEncoding = 4; lastKnownFileType = sourcecode.swift; path = Student.swift; sourceTree = "<group>"; };
		2700B07E1F67D10C006AD509 /* SubjectCalculation.swift */ = {isa = PBXFileReference; fileEncoding = 4; lastKnownFileType = sourcecode.swift; path = SubjectCalculation.swift; sourceTree = "<group>"; };
		2716BF6E1F6687C600B859EC /* MyCalculatior.app */ = {isa = PBXFileReference; explicitFileType = wrapper.application; includeInIndex = 0; path = MyCalculatior.app; sourceTree = BUILT_PRODUCTS_DIR; };
		2716BF711F6687C600B859EC /* AppDelegate.swift */ = {isa = PBXFileReference; lastKnownFileType = sourcecode.swift; path = AppDelegate.swift; sourceTree = "<group>"; };
		2716BF731F6687C700B859EC /* ViewController.swift */ = {isa = PBXFileReference; lastKnownFileType = sourcecode.swift; path = ViewController.swift; sourceTree = "<group>"; };
		2716BF761F6687C700B859EC /* Base */ = {isa = PBXFileReference; lastKnownFileType = file.storyboard; name = Base; path = Base.lproj/Main.storyboard; sourceTree = "<group>"; };
		2716BF781F6687C700B859EC /* Assets.xcassets */ = {isa = PBXFileReference; lastKnownFileType = folder.assetcatalog; path = Assets.xcassets; sourceTree = "<group>"; };
		2716BF7B1F6687C700B859EC /* Base */ = {isa = PBXFileReference; lastKnownFileType = file.storyboard; name = Base; path = Base.lproj/LaunchScreen.storyboard; sourceTree = "<group>"; };
		2716BF7D1F6687C700B859EC /* Info.plist */ = {isa = PBXFileReference; lastKnownFileType = text.plist.xml; path = Info.plist; sourceTree = "<group>"; };
/* End PBXFileReference section */

/* Begin PBXFrameworksBuildPhase section */
		2716BF6B1F6687C600B859EC /* Frameworks */ = {
			isa = PBXFrameworksBuildPhase;
			buildActionMask = 2147483647;
			files = (
			);
			runOnlyForDeploymentPostprocessing = 0;
		};
/* End PBXFrameworksBuildPhase section */

/* Begin PBXGroup section */
		2716BF651F6687C600B859EC = {
			isa = PBXGroup;
			children = (
				2716BF701F6687C600B859EC /* MyCalculatior */,
				2716BF6F1F6687C600B859EC /* Products */,
			);
			sourceTree = "<group>";
		};
		2716BF6F1F6687C600B859EC /* Products */ = {
			isa = PBXGroup;
			children = (
				2716BF6E1F6687C600B859EC /* MyCalculatior.app */,
			);
			name = Products;
			sourceTree = "<group>";
		};
		2716BF701F6687C600B859EC /* MyCalculatior */ = {
			isa = PBXGroup;
			children = (
				2716BF711F6687C600B859EC /* AppDelegate.swift */,
				2716BF731F6687C700B859EC /* ViewController.swift */,
				2700B07C1F67CEB9006AD509 /* Student.swift */,
				2700B07E1F67D10C006AD509 /* SubjectCalculation.swift */,
				2716BF751F6687C700B859EC /* Main.storyboard */,
				2700B07A1F67BBA8006AD509 /* Subject.swift */,
				2716BF781F6687C700B859EC /* Assets.xcassets */,
				2716BF7A1F6687C700B859EC /* LaunchScreen.storyboard */,
				2716BF7D1F6687C700B859EC /* Info.plist */,
			);
			path = MyCalculatior;
			sourceTree = "<group>";
		};
/* End PBXGroup section */

/* Begin PBXNativeTarget section */
		2716BF6D1F6687C600B859EC /* MyCalculatior */ = {
			isa = PBXNativeTarget;
			buildConfigurationList = 2716BF801F6687C700B859EC /* Build configuration list for PBXNativeTarget "MyCalculatior" */;
			buildPhases = (
				2716BF6A1F6687C600B859EC /* Sources */,
				2716BF6B1F6687C600B859EC /* Frameworks */,
				2716BF6C1F6687C600B859EC /* Resources */,
			);
			buildRules = (
			);
			dependencies = (
			);
			name = MyCalculatior;
			productName = MyCalculatior;
			productReference = 2716BF6E1F6687C600B859EC /* MyCalculatior.app */;
			productType = "com.apple.product-type.application";
		};
/* End PBXNativeTarget section */

/* Begin PBXProject section */
		2716BF661F6687C600B859EC /* Project object */ = {
			isa = PBXProject;
			attributes = {
				LastSwiftUpdateCheck = 0820;
				LastUpgradeCheck = 0820;
				ORGANIZATIONNAME = 319km;
				TargetAttributes = {
					2716BF6D1F6687C600B859EC = {
						CreatedOnToolsVersion = 8.2.1;
						DevelopmentTeam = UULV2LWZK9;
						ProvisioningStyle = Automatic;
					};
				};
			};
			buildConfigurationList = 2716BF691F6687C600B859EC /* Build configuration list for PBXProject "MyCalculatior" */;
			compatibilityVersion = "Xcode 3.2";
			developmentRegion = English;
			hasScannedForEncodings = 0;
			knownRegions = (
				en,
				Base,
			);
			mainGroup = 2716BF651F6687C600B859EC;
			productRefGroup = 2716BF6F1F6687C600B859EC /* Products */;
			projectDirPath = "";
			projectRoot = "";
			targets = (
				2716BF6D1F6687C600B859EC /* MyCalculatior */,
			);
		};
/* End PBXProject section */

/* Begin PBXResourcesBuildPhase section */
		2716BF6C1F6687C600B859EC /* Resources */ = {
			isa = PBXResourcesBuildPhase;
			buildActionMask = 2147483647;
			files = (
				2716BF7C1F6687C700B859EC /* LaunchScreen.storyboard in Resources */,
				2716BF791F6687C700B859EC /* Assets.xcassets in Resources */,
				2716BF771F6687C700B859EC /* Main.storyboard in Resources */,
			);
			runOnlyForDeploymentPostprocessing = 0;
		};
/* End PBXResourcesBuildPhase section */

/* Begin PBXSourcesBuildPhase section */
		2716BF6A1F6687C600B859EC /* Sources */ = {
			isa = PBXSourcesBuildPhase;
			buildActionMask = 2147483647;
			files = (
				2700B07B1F67BBA8006AD509 /* Subject.swift in Sources */,
				2716BF741F6687C700B859EC /* ViewController.swift in Sources */,
				2716BF721F6687C600B859EC /* AppDelegate.swift in Sources */,
				2700B07D1F67CEB9006AD509 /* Student.swift in Sources */,
				2700B07F1F67D10C006AD509 /* SubjectCalculation.swift in Sources */,
			);
			runOnlyForDeploymentPostprocessing = 0;
		};
/* End PBXSourcesBuildPhase section */

/* Begin PBXVariantGroup section */
		2716BF751F6687C700B859EC /* Main.storyboard */ = {
			isa = PBXVariantGroup;
			children = (
				2716BF761F6687C700B859EC /* Base */,
			);
			name = Main.storyboard;
			sourceTree = "<group>";
		};
		2716BF7A1F6687C700B859EC /* LaunchScreen.storyboard */ = {
			isa = PBXVariantGroup;
			children = (
				2716BF7B1F6687C700B859EC /* Base */,
			);
			name = LaunchScreen.storyboard;
			sourceTree = "<group>";
		};
/* End PBXVariantGroup section */

/* Begin XCBuildConfiguration section */
		2716BF7E1F6687C700B859EC /* Debug */ = {
			isa = XCBuildConfiguration;
			buildSettings = {
				ALWAYS_SEARCH_USER_PATHS = NO;
				CLANG_ANALYZER_NONNULL = YES;
				CLANG_CXX_LANGUAGE_STANDARD = "gnu++0x";
				CLANG_CXX_LIBRARY = "libc++";
				CLANG_ENABLE_MODULES = YES;
				CLANG_ENABLE_OBJC_ARC = YES;
				CLANG_WARN_BOOL_CONVERSION = YES;
				CLANG_WARN_CONSTANT_CONVERSION = YES;
				CLANG_WARN_DIRECT_OBJC_ISA_USAGE = YES_ERROR;
				CLANG_WARN_DOCUMENTATION_COMMENTS = YES;
				CLANG_WARN_EMPTY_BODY = YES;
				CLANG_WARN_ENUM_CONVERSION = YES;
				CLANG_WARN_INFINITE_RECURSION = YES;
				CLANG_WARN_INT_CONVERSION = YES;
				CLANG_WARN_OBJC_ROOT_CLASS = YES_ERROR;
				CLANG_WARN_SUSPICIOUS_MOVE = YES;
				CLANG_WARN_UNREACHABLE_CODE = YES;
				CLANG_WARN__DUPLICATE_METHOD_MATCH = YES;
				"CODE_SIGN_IDENTITY[sdk=iphoneos*]" = "iPhone Developer";
				COPY_PHASE_STRIP = NO;
				DEBUG_INFORMATION_FORMAT = dwarf;
				ENABLE_STRICT_OBJC_MSGSEND = YES;
				ENABLE_TESTABILITY = YES;
				GCC_C_LANGUAGE_STANDARD = gnu99;
				GCC_DYNAMIC_NO_PIC = NO;
				GCC_NO_COMMON_BLOCKS = YES;
				GCC_OPTIMIZATION_LEVEL = 0;
				GCC_PREPROCESSOR_DEFINITIONS = (
					"DEBUG=1",
					"$(inherited)",
				);
				GCC_WARN_64_TO_32_BIT_CONVERSION = YES;
				GCC_WARN_ABOUT_RETURN_TYPE = YES_ERROR;
				GCC_WARN_UNDECLARED_SELECTOR = YES;
				GCC_WARN_UNINITIALIZED_AUTOS = YES_AGGRESSIVE;
				GCC_WARN_UNUSED_FUNCTION = YES;
				GCC_WARN_UNUSED_VARIABLE = YES;
				IPHONEOS_DEPLOYMENT_TARGET = 10.2;
				MTL_ENABLE_DEBUG_INFO = YES;
				ONLY_ACTIVE_ARCH = YES;
				SDKROOT = iphoneos;
				SWIFT_ACTIVE_COMPILATION_CONDITIONS = DEBUG;
				SWIFT_OPTIMIZATION_LEVEL = "-Onone";
			};
			name = Debug;
		};
		2716BF7F1F6687C700B859EC /* Release */ = {
			isa = XCBuildConfiguration;
			buildSettings = {
				ALWAYS_SEARCH_USER_PATHS = NO;
				CLANG_ANALYZER_NONNULL = YES;
				CLANG_CXX_LANGUAGE_STANDARD = "gnu++0x";
				CLANG_CXX_LIBRARY = "libc++";
				CLANG_ENABLE_MODULES = YES;
				CLANG_ENABLE_OBJC_ARC = YES;
				CLANG_WARN_BOOL_CONVERSION = YES;
				CLANG_WARN_CONSTANT_CONVERSION = YES;
				CLANG_WARN_DIRECT_OBJC_ISA_USAGE = YES_ERROR;
				CLANG_WARN_DOCUMENTATION_COMMENTS = YES;
				CLANG_WARN_EMPTY_BODY = YES;
				CLANG_WARN_ENUM_CONVERSION = YES;
				CLANG_WARN_INFINITE_RECURSION = YES;
				CLANG_WARN_INT_CONVERSION = YES;
				CLANG_WARN_OBJC_ROOT_CLASS = YES_ERROR;
				CLANG_WARN_SUSPICIOUS_MOVE = YES;
				CLANG_WARN_UNREACHABLE_CODE = YES;
				CLANG_WARN__DUPLICATE_METHOD_MATCH = YES;
				"CODE_SIGN_IDENTITY[sdk=iphoneos*]" = "iPhone Developer";
				COPY_PHASE_STRIP = NO;
				DEBUG_INFORMATION_FORMAT = "dwarf-with-dsym";
				ENABLE_NS_ASSERTIONS = NO;
				ENABLE_STRICT_OBJC_MSGSEND = YES;
				GCC_C_LANGUAGE_STANDARD = gnu99;
				GCC_NO_COMMON_BLOCKS = YES;
				GCC_WARN_64_TO_32_BIT_CONVERSION = YES;
				GCC_WARN_ABOUT_RETURN_TYPE = YES_ERROR;
				GCC_WARN_UNDECLARED_SELECTOR = YES;
				GCC_WARN_UNINITIALIZED_AUTOS = YES_AGGRESSIVE;
				GCC_WARN_UNUSED_FUNCTION = YES;
				GCC_WARN_UNUSED_VARIABLE = YES;
				IPHONEOS_DEPLOYMENT_TARGET = 10.2;
				MTL_ENABLE_DEBUG_INFO = NO;
				SDKROOT = iphoneos;
				SWIFT_OPTIMIZATION_LEVEL = "-Owholemodule";
				VALIDATE_PRODUCT = YES;
			};
			name = Release;
		};
		2716BF811F6687C700B859EC /* Debug */ = {
			isa = XCBuildConfiguration;
			buildSettings = {
				ASSETCATALOG_COMPILER_APPICON_NAME = AppIcon;
				DEVELOPMENT_TEAM = UULV2LWZK9;
				INFOPLIST_FILE = MyCalculatior/Info.plist;
				LD_RUNPATH_SEARCH_PATHS = "$(inherited) @executable_path/Frameworks";
				PRODUCT_BUNDLE_IDENTIFIER = com.319km.MyCalculatior;
				PRODUCT_NAME = "$(TARGET_NAME)";
				SWIFT_VERSION = 3.0;
			};
			name = Debug;
		};
		2716BF821F6687C700B859EC /* Release */ = {
			isa = XCBuildConfiguration;
			buildSettings = {
				ASSETCATALOG_COMPILER_APPICON_NAME = AppIcon;
				DEVELOPMENT_TEAM = UULV2LWZK9;
				INFOPLIST_FILE = MyCalculatior/Info.plist;
				LD_RUNPATH_SEARCH_PATHS = "$(inherited) @executable_path/Frameworks";
				PRODUCT_BUNDLE_IDENTIFIER = com.319km.MyCalculatior;
				PRODUCT_NAME = "$(TARGET_NAME)";
				SWIFT_VERSION = 3.0;
			};
			name = Release;
		};
/* End XCBuildConfiguration section */

/* Begin XCConfigurationList section */
		2716BF691F6687C600B859EC /* Build configuration list for PBXProject "MyCalculatior" */ = {
			isa = XCConfigurationList;
			buildConfigurations = (
				2716BF7E1F6687C700B859EC /* Debug */,
				2716BF7F1F6687C700B859EC /* Release */,
			);
			defaultConfigurationIsVisible = 0;
			defaultConfigurationName = Release;
		};
		2716BF801F6687C700B859EC /* Build configuration list for PBXNativeTarget "MyCalculatior" */ = {
			isa = XCConfigurationList;
			buildConfigurations = (
				2716BF811F6687C700B859EC /* Debug */,
				2716BF821F6687C700B859EC /* Release */,
			);
			defaultConfigurationIsVisible = 0;
			defaultConfigurationName = Release;
		};
/* End XCConfigurationList section */
	};
	rootObject = 2716BF661F6687C600B859EC /* Project object */;
}
